
Microsoft Visual Studio Solution File, Format Version 12.00
# Visual Studio Version 17
VisualStudioVersion = 17.9.34723.18
MinimumVisualStudioVersion = 10.0.40219.1
Project("{F184B08F-C81C-45F6-A57F-5ABD9991F28F}") = "Gestion", "Gestion\Gestion.vbproj", "{9038FE9F-8CD6-4607-9F38-4D550D30FEBD}"
EndProject
Project("{F184B08F-C81C-45F6-A57F-5ABD9991F28F}") = "Entidades", "Entidades\Entidades.vbproj", "{444393AC-9FA2-46A7-86BA-1088D3724AC8}"
EndProject
Project("{F184B08F-C81C-45F6-A57F-5ABD9991F28F}") = "Formularios", "Formularios\Formularios.vbproj", "{FF9EF21C-0224-4EAC-9063-8C73FDEF2DA5}"
EndProject
Project("{2150E333-8FDC-42A3-9474-1A3956D46DE8}") = "DDLBD", "DDLBD", "{9BA567A5-FA7B-458F-9466-D4A9DC5EB35B}"
	ProjectSection(SolutionItems) = preProject
		ProyectoODSProg.sql = ProyectoODSProg.sql
		resetearDatosODSprog.sql = resetearDatosODSprog.sql
	EndProjectSection
EndProject
Global
	GlobalSection(SolutionConfigurationPlatforms) = preSolution
		Debug|Any CPU = Debug|Any CPU
		Release|Any CPU = Release|Any CPU
	EndGlobalSection
	GlobalSection(ProjectConfigurationPlatforms) = postSolution
		{9038FE9F-8CD6-4607-9F38-4D550D30FEBD}.Debug|Any CPU.ActiveCfg = Debug|Any CPU
		{9038FE9F-8CD6-4607-9F38-4D550D30FEBD}.Debug|Any CPU.Build.0 = Debug|Any CPU
		{9038FE9F-8CD6-4607-9F38-4D550D30FEBD}.Release|Any CPU.ActiveCfg = Release|Any CPU
		{9038FE9F-8CD6-4607-9F38-4D550D30FEBD}.Release|Any CPU.Build.0 = Release|Any CPU
		{444393AC-9FA2-46A7-86BA-1088D3724AC8}.Debug|Any CPU.ActiveCfg = Debug|Any CPU
		{444393AC-9FA2-46A7-86BA-1088D3724AC8}.Debug|Any CPU.Build.0 = Debug|Any CPU
		{444393AC-9FA2-46A7-86BA-1088D3724AC8}.Release|Any CPU.ActiveCfg = Release|Any CPU
		{444393AC-9FA2-46A7-86BA-1088D3724AC8}.Release|Any CPU.Build.0 = Release|Any CPU
		{FF9EF21C-0224-4EAC-9063-8C73FDEF2DA5}.Debug|Any CPU.ActiveCfg = Debug|Any CPU
		{FF9EF21C-0224-4EAC-9063-8C73FDEF2DA5}.Debug|Any CPU.Build.0 = Debug|Any CPU
		{FF9EF21C-0224-4EAC-9063-8C73FDEF2DA5}.Release|Any CPU.ActiveCfg = Release|Any CPU
		{FF9EF21C-0224-4EAC-9063-8C73FDEF2DA5}.Release|Any CPU.Build.0 = Release|Any CPU
	EndGlobalSection
	GlobalSection(SolutionProperties) = preSolution
		HideSolutionNode = FALSE
	EndGlobalSection
	GlobalSection(ExtensibilityGlobals) = postSolution
		SolutionGuid = {F3E929A5-23FD-486C-AC01-7980CB0F94BE}
	EndGlobalSection
EndGlobal
